<?xml version="1.0" encoding="utf-8"?>
<Project ToolsVersion="4.0" xmlns="http://schemas.microsoft.com/developer/msbuild/2003">
  <ItemGroup>
    <ClCompile Include="Framework\Objects\Boss1.cpp" />
    <ClCompile Include="Framework\Objects\Boss2.cpp" />
    <ClCompile Include="Framework\Objects\Cleaver.cpp" />
    <ClCompile Include="Framework\Map\Button.cpp" />
    <ClCompile Include="Framework\Objects\Bullet.cpp" />
    <ClCompile Include="Framework\Objects\Decoration.cpp" />
    <ClCompile Include="Framework\Tables\DecorationTable.cpp" />
    <ClCompile Include="Framework\Objects\Enemy.cpp" />
    <ClCompile Include="Framework\Tables\EnemyTable.cpp" />
    <ClCompile Include="Framework\Animation\Animator.cpp" />
    <ClCompile Include="Framework\Animation\AnimationClip.cpp" />
    <ClCompile Include="Framework\General\SaveData.cpp" />
    <ClCompile Include="Framework\General\stdafx.cpp" />
    <ClCompile Include="Framework\General\Utils.cpp" />
    <ClCompile Include="Framework\General\Variables.cpp" />
    <ClCompile Include="Framework\Managers\DataTableMgr.cpp" />
    <ClCompile Include="Framework\Managers\SaveLoadMgr.cpp" />
    <ClCompile Include="Framework\Objects\HitBox.cpp" />
    <ClCompile Include="Framework\Tables\DataTable.cpp" />
    <ClCompile Include="Framework\General\Framework.cpp" />
    <ClCompile Include="Framework\Objects\GameObject.cpp" />
    <ClCompile Include="Framework\Managers\InputMgr.cpp" />
    <ClCompile Include="Framework\Scenes\Scene.cpp" />
    <ClCompile Include="Framework\Managers\SceneMgr.cpp" />
    <ClCompile Include="Framework\General\main.cpp" />
    <ClCompile Include="Framework\Objects\SpriteGo.cpp" />
    <ClCompile Include="Framework\Objects\Text\TextGo.cpp" />
    <ClCompile Include="Framework\Managers\SoundMgr.cpp" />
    <ClCompile Include="Framework\Tables\StringTable.cpp" />
    <ClCompile Include="Framework\Objects\Player.cpp" />
    <ClCompile Include="Framework\Scenes\SceneEditor.cpp" />
    <ClCompile Include="Framework\Tables\StageTable.cpp" />
    <ClCompile Include="Framework\Scenes\SceneGame.cpp" />
    <ClCompile Include="Framework\Map\TileMap.cpp" />
    <ClCompile Include="Framework\Map\TileMapEditor.cpp" />
    <ClCompile Include="Framework\Objects\Text\UiHudL.cpp" />
    <ClCompile Include="Framework\Managers\ViewMgr.cpp" />
    <ClCompile Include="Framework\Objects\Wall2.cpp" />
    <ClCompile Include="Framework\Objects\Weapon.cpp" />
    <ClCompile Include="Framework\Tables\WeaponTable.cpp" />
    <ClCompile Include="Framework\Objects\Wall.cpp" />
    <ClCompile Include="Framework\Tables\WallTable.cpp" />
    <ClCompile Include="Framework\Map\WayPoint.cpp" />
    <ClCompile Include="PathFinder.cpp" />
    <ClCompile Include="Framework\Objects\MafiaBoss.cpp" />
    <ClCompile Include="Framework\Objects\Panther.cpp" />
    <ClCompile Include="Framework\Objects\BodyGuard.cpp" />
    <ClCompile Include="Framework\Objects\Fountain.cpp" />
    <ClCompile Include="AlphabetTable.cpp" />
    <ClCompile Include="SceneMenu.cpp" />
    <ClCompile Include="UiMenu.cpp" />
    <ClCompile Include="PalmTreeEffect.cpp" />
  </ItemGroup>
  <ItemGroup>
    <ClInclude Include="Framework\Objects\Boss1.h" />
    <ClInclude Include="Framework\Objects\Boss2.h" />
    <ClInclude Include="Framework\Objects\Cleaver.h" />
    <ClInclude Include="Framework\Map\Button.h" />
    <ClInclude Include="Framework\Objects\Bullet.h" />
    <ClInclude Include="Framework\Objects\Decoration.h" />
    <ClInclude Include="Framework\Tables\DecorationTable.h" />
    <ClInclude Include="Framework\Objects\Enemy.h" />
    <ClInclude Include="Framework\Tables\EnemyTable.h" />
    <ClInclude Include="Framework\Animation\Animator.h" />
    <ClInclude Include="Framework\Animation\AnimationClip.h" />
    <ClInclude Include="Framework\General\Defines.h" />
    <ClInclude Include="Framework\General\json.hpp" />
    <ClInclude Include="Framework\General\SaveData.h" />
    <ClInclude Include="Framework\General\stdafx.h" />
    <ClInclude Include="Framework\General\Utils.h" />
    <ClInclude Include="Framework\General\Variables.h" />
    <ClInclude Include="Framework\Managers\DataTableMgr.h" />
    <ClInclude Include="Framework\Managers\SaveLoadMgr.h" />
    <ClInclude Include="Framework\Objects\HitBox.h" />
    <ClInclude Include="Framework\Tables\DataTable.h" />
    <ClInclude Include="Framework\General\Framework.h" />
    <ClInclude Include="Framework\Objects\GameObject.h" />
    <ClInclude Include="Framework\Managers\InputMgr.h" />
    <ClInclude Include="Framework\Objects\ObjectPool.h" />
    <ClInclude Include="Framework\Managers\ResourceMgr.h" />
    <ClInclude Include="Framework\Scenes\Scene.h" />
    <ClInclude Include="Framework\Managers\SceneMgr.h" />
    <ClInclude Include="Framework\Managers\Singleton.h" />
    <ClInclude Include="Framework\Objects\SpriteGo.h" />
    <ClInclude Include="Framework\Objects\Text\TextGo.h" />
    <ClInclude Include="Framework\Managers\SoundMgr.h" />
    <ClInclude Include="Framework\Tables\StringTable.h" />
    <ClInclude Include="Framework\Objects\Player.h" />
    <ClInclude Include="Framework\Scenes\SceneEditor.h" />
    <ClInclude Include="Framework\Tables\StageTable.h" />
    <ClInclude Include="Framework\Scenes\SceneGame.h" />
    <ClInclude Include="Framework\Map\TileMap.h" />
    <ClInclude Include="Framework\Map\TileMapEditor.h" />
    <ClInclude Include="Framework\Objects\Text\UiHudL.h" />
    <ClInclude Include="Framework\Managers\ViewMgr.h" />
    <ClInclude Include="Framework\Objects\Wall2.h" />
    <ClInclude Include="Framework\Objects\Weapon.h" />
    <ClInclude Include="Framework\Tables\WeaponTable.h" />
    <ClInclude Include="Framework\Objects\Wall.h" />
    <ClInclude Include="Framework\Tables\WallTable.h" />
    <ClInclude Include="Framework\Map\WayPoint.h" />
    <ClInclude Include="PathFinder.h" />
    <ClInclude Include="Framework\Objects\MafiaBoss.h" />
    <ClInclude Include="Framework\Objects\Panther.h" />
    <ClInclude Include="Framework\Objects\BodyGuard.h" />
    <ClInclude Include="Framework\Objects\Fountain.h" />
    <ClInclude Include="AlphabetTable.h" />
    <ClInclude Include="SceneMenu.h" />
    <ClInclude Include="UiMenu.h" />
    <ClInclude Include="PalmTreeEffect.h" />
  </ItemGroup>
</Project>